
Microsoft Visual Studio Solution File, Format Version 12.00
# Visual Studio Version 16
VisualStudioVersion = 16.0.32630.194
MinimumVisualStudioVersion = 10.0.40219.1
Project("{8BC9CEB8-8B4A-11D0-8D11-00A0C91BC942}") = "MINofTHREE", "MINofTHREE\MINofTHREE.vcxproj", "{22404A84-D68E-4737-807F-BC813944CD06}"
EndProject
Global
	GlobalSection(SolutionConfigurationPlatforms) = preSolution
		Debug|x64 = Debug|x64
		Debug|x86 = Debug|x86
		Release|x64 = Release|x64
		Release|x86 = Release|x86
	EndGlobalSection
	GlobalSection(ProjectConfigurationPlatforms) = postSolution
		{22404A84-D68E-4737-807F-BC813944CD06}.Debug|x64.ActiveCfg = Debug|x64
		{22404A84-D68E-4737-807F-BC813944CD06}.Debug|x64.Build.0 = Debug|x64
		{22404A84-D68E-4737-807F-BC813944CD06}.Debug|x86.ActiveCfg = Debug|Win32
		{22404A84-D68E-4737-807F-BC813944CD06}.Debug|x86.Build.0 = Debug|Win32
		{22404A84-D68E-4737-807F-BC813944CD06}.Release|x64.ActiveCfg = Release|x64
		{22404A84-D68E-4737-807F-BC813944CD06}.Release|x64.Build.0 = Release|x64
		{22404A84-D68E-4737-807F-BC813944CD06}.Release|x86.ActiveCfg = Release|Win32
		{22404A84-D68E-4737-807F-BC813944CD06}.Release|x86.Build.0 = Release|Win32
	EndGlobalSection
	GlobalSection(SolutionProperties) = preSolution
		HideSolutionNode = FALSE
	EndGlobalSection
	GlobalSection(ExtensibilityGlobals) = postSolution
		SolutionGuid = {2B617212-F7F8-4969-98B3-F22DE5654040}
	EndGlobalSection
EndGlobal
