
Microsoft Visual Studio Solution File, Format Version 12.00
# Visual Studio Version 16
VisualStudioVersion = 16.0.32630.194
MinimumVisualStudioVersion = 10.0.40219.1
Project("{8BC9CEB8-8B4A-11D0-8D11-00A0C91BC942}") = "Multiple10", "Multiple10\Multiple10.vcxproj", "{A5E1D90F-5487-4358-86FF-9D5921FA463E}"
EndProject
Global
	GlobalSection(SolutionConfigurationPlatforms) = preSolution
		Debug|x64 = Debug|x64
		Debug|x86 = Debug|x86
		Release|x64 = Release|x64
		Release|x86 = Release|x86
	EndGlobalSection
	GlobalSection(ProjectConfigurationPlatforms) = postSolution
		{A5E1D90F-5487-4358-86FF-9D5921FA463E}.Debug|x64.ActiveCfg = Debug|x64
		{A5E1D90F-5487-4358-86FF-9D5921FA463E}.Debug|x64.Build.0 = Debug|x64
		{A5E1D90F-5487-4358-86FF-9D5921FA463E}.Debug|x86.ActiveCfg = Debug|Win32
		{A5E1D90F-5487-4358-86FF-9D5921FA463E}.Debug|x86.Build.0 = Debug|Win32
		{A5E1D90F-5487-4358-86FF-9D5921FA463E}.Release|x64.ActiveCfg = Release|x64
		{A5E1D90F-5487-4358-86FF-9D5921FA463E}.Release|x64.Build.0 = Release|x64
		{A5E1D90F-5487-4358-86FF-9D5921FA463E}.Release|x86.ActiveCfg = Release|Win32
		{A5E1D90F-5487-4358-86FF-9D5921FA463E}.Release|x86.Build.0 = Release|Win32
	EndGlobalSection
	GlobalSection(SolutionProperties) = preSolution
		HideSolutionNode = FALSE
	EndGlobalSection
	GlobalSection(ExtensibilityGlobals) = postSolution
		SolutionGuid = {03A8F939-19B0-4F1F-9DDF-E1A351855678}
	EndGlobalSection
EndGlobal
